
Microsoft Visual Studio Solution File, Format Version 12.00
# Visual Studio 15
VisualStudioVersion = 15.0.26730.15
MinimumVisualStudioVersion = 10.0.40219.1
Project("{FAE04EC0-301F-11D3-BF4B-00C04F79EFBC}") = "NeelPatel_COMP306Lab1", "NeelPatel_COMP306Lab1\NeelPatel_COMP306Lab1.csproj", "{81C5E8CC-2465-4767-A05A-87B1FFE44E8D}"
EndProject
Global
	GlobalSection(SolutionConfigurationPlatforms) = preSolution
		Debug|Any CPU = Debug|Any CPU
		Release|Any CPU = Release|Any CPU
	EndGlobalSection
	GlobalSection(ProjectConfigurationPlatforms) = postSolution
		{81C5E8CC-2465-4767-A05A-87B1FFE44E8D}.Debug|Any CPU.ActiveCfg = Debug|Any CPU
		{81C5E8CC-2465-4767-A05A-87B1FFE44E8D}.Debug|Any CPU.Build.0 = Debug|Any CPU
		{81C5E8CC-2465-4767-A05A-87B1FFE44E8D}.Release|Any CPU.ActiveCfg = Release|Any CPU
		{81C5E8CC-2465-4767-A05A-87B1FFE44E8D}.Release|Any CPU.Build.0 = Release|Any CPU
	EndGlobalSection
	GlobalSection(SolutionProperties) = preSolution
		HideSolutionNode = FALSE
	EndGlobalSection
	GlobalSection(ExtensibilityGlobals) = postSolution
		SolutionGuid = {4A642361-C24C-4802-BBD6-25212873CAF0}
	EndGlobalSection
EndGlobal
